// !$*UTF8*$!
{
	archiveVersion = 1;
	classes = {
	};
	objectVersion = 56;
	objects = {

/* Begin PBXBuildFile section */
		FBF736E32BF0C802008C1348 /* Swift_ui_10App.swift in Sources */ = {isa = PBXBuildFile; fileRef = FBF736E22BF0C802008C1348 /* Swift_ui_10App.swift */; };
		FBF736E52BF0C802008C1348 /* ContentView.swift in Sources */ = {isa = PBXBuildFile; fileRef = FBF736E42BF0C802008C1348 /* ContentView.swift */; };
		FBF736E72BF0C805008C1348 /* Assets.xcassets in Resources */ = {isa = PBXBuildFile; fileRef = FBF736E62BF0C805008C1348 /* Assets.xcassets */; };
		FBF736EA2BF0C805008C1348 /* Preview Assets.xcassets in Resources */ = {isa = PBXBuildFile; fileRef = FBF736E92BF0C805008C1348 /* Preview Assets.xcassets */; };
		FBF736F42BF0C806008C1348 /* Swift_ui_10Tests.swift in Sources */ = {isa = PBXBuildFile; fileRef = FBF736F32BF0C806008C1348 /* Swift_ui_10Tests.swift */; };
		FBF736FE2BF0C806008C1348 /* Swift_ui_10UITests.swift in Sources */ = {isa = PBXBuildFile; fileRef = FBF736FD2BF0C806008C1348 /* Swift_ui_10UITests.swift */; };
		FBF737002BF0C806008C1348 /* Swift_ui_10UITestsLaunchTests.swift in Sources */ = {isa = PBXBuildFile; fileRef = FBF736FF2BF0C806008C1348 /* Swift_ui_10UITestsLaunchTests.swift */; };
/* End PBXBuildFile section */

/* Begin PBXContainerItemProxy section */
		FBF736F02BF0C806008C1348 /* PBXContainerItemProxy */ = {
			isa = PBXContainerItemProxy;
			containerPortal = FBF736D72BF0C802008C1348 /* Project object */;
			proxyType = 1;
			remoteGlobalIDString = FBF736DE2BF0C802008C1348;
			remoteInfo = "Swift ui 10";
		};
		FBF736FA2BF0C806008C1348 /* PBXContainerItemProxy */ = {
			isa = PBXContainerItemProxy;
			containerPortal = FBF736D72BF0C802008C1348 /* Project object */;
			proxyType = 1;
			remoteGlobalIDString = FBF736DE2BF0C802008C1348;
			remoteInfo = "Swift ui 10";
		};
/* End PBXContainerItemProxy section */

/* Begin PBXFileReference section */
		FBF736DF2BF0C802008C1348 /* Swift ui 10.app */ = {isa = PBXFileReference; explicitFileType = wrapper.application; includeInIndex = 0; path = "Swift ui 10.app"; sourceTree = BUILT_PRODUCTS_DIR; };
		FBF736E22BF0C802008C1348 /* Swift_ui_10App.swift */ = {isa = PBXFileReference; lastKnownFileType = sourcecode.swift; path = Swift_ui_10App.swift; sourceTree = "<group>"; };
		FBF736E42BF0C802008C1348 /* ContentView.swift */ = {isa = PBXFileReference; lastKnownFileType = sourcecode.swift; path = ContentView.swift; sourceTree = "<group>"; };
		FBF736E62BF0C805008C1348 /* Assets.xcassets */ = {isa = PBXFileReference; lastKnownFileType = folder.assetcatalog; path = Assets.xcassets; sourceTree = "<group>"; };
		FBF736E92BF0C805008C1348 /* Preview Assets.xcassets */ = {isa = PBXFileReference; lastKnownFileType = folder.assetcatalog; path = "Preview Assets.xcassets"; sourceTree = "<group>"; };
		FBF736EF2BF0C806008C1348 /* Swift ui 10Tests.xctest */ = {isa = PBXFileReference; explicitFileType = wrapper.cfbundle; includeInIndex = 0; path = "Swift ui 10Tests.xctest"; sourceTree = BUILT_PRODUCTS_DIR; };
		FBF736F32BF0C806008C1348 /* Swift_ui_10Tests.swift */ = {isa = PBXFileReference; lastKnownFileType = sourcecode.swift; path = Swift_ui_10Tests.swift; sourceTree = "<group>"; };
		FBF736F92BF0C806008C1348 /* Swift ui 10UITests.xctest */ = {isa = PBXFileReference; explicitFileType = wrapper.cfbundle; includeInIndex = 0; path = "Swift ui 10UITests.xctest"; sourceTree = BUILT_PRODUCTS_DIR; };
		FBF736FD2BF0C806008C1348 /* Swift_ui_10UITests.swift */ = {isa = PBXFileReference; lastKnownFileType = sourcecode.swift; path = Swift_ui_10UITests.swift; sourceTree = "<group>"; };
		FBF736FF2BF0C806008C1348 /* Swift_ui_10UITestsLaunchTests.swift */ = {isa = PBXFileReference; lastKnownFileType = sourcecode.swift; path = Swift_ui_10UITestsLaunchTests.swift; sourceTree = "<group>"; };
/* End PBXFileReference section */

/* Begin PBXFrameworksBuildPhase section */
		FBF736DC2BF0C802008C1348 /* Frameworks */ = {
			isa = PBXFrameworksBuildPhase;
			buildActionMask = 2147483647;
			files = (
			);
			runOnlyForDeploymentPostprocessing = 0;
		};
		FBF736EC2BF0C806008C1348 /* Frameworks */ = {
			isa = PBXFrameworksBuildPhase;
			buildActionMask = 2147483647;
			files = (
			);
			runOnlyForDeploymentPostprocessing = 0;
		};
		FBF736F62BF0C806008C1348 /* Frameworks */ = {
			isa = PBXFrameworksBuildPhase;
			buildActionMask = 2147483647;
			files = (
			);
			runOnlyForDeploymentPostprocessing = 0;
		};
/* End PBXFrameworksBuildPhase section */

/* Begin PBXGroup section */
		FBF736D62BF0C802008C1348 = {
			isa = PBXGroup;
			children = (
				FBF736E12BF0C802008C1348 /* Swift ui 10 */,
				FBF736F22BF0C806008C1348 /* Swift ui 10Tests */,
				FBF736FC2BF0C806008C1348 /* Swift ui 10UITests */,
				FBF736E02BF0C802008C1348 /* Products */,
			);
			sourceTree = "<group>";
		};
		FBF736E02BF0C802008C1348 /* Products */ = {
			isa = PBXGroup;
			children = (
				FBF736DF2BF0C802008C1348 /* Swift ui 10.app */,
				FBF736EF2BF0C806008C1348 /* Swift ui 10Tests.xctest */,
				FBF736F92BF0C806008C1348 /* Swift ui 10UITests.xctest */,
			);
			name = Products;
			sourceTree = "<group>";
		};
		FBF736E12BF0C802008C1348 /* Swift ui 10 */ = {
			isa = PBXGroup;
			children = (
				FBF736E22BF0C802008C1348 /* Swift_ui_10App.swift */,
				FBF736E42BF0C802008C1348 /* ContentView.swift */,
				FBF736E62BF0C805008C1348 /* Assets.xcassets */,
				FBF736E82BF0C805008C1348 /* Preview Content */,
			);
			path = "Swift ui 10";
			sourceTree = "<group>";
		};
		FBF736E82BF0C805008C1348 /* Preview Content */ = {
			isa = PBXGroup;
			children = (
				FBF736E92BF0C805008C1348 /* Preview Assets.xcassets */,
			);
			path = "Preview Content";
			sourceTree = "<group>";
		};
		FBF736F22BF0C806008C1348 /* Swift ui 10Tests */ = {
			isa = PBXGroup;
			children = (
				FBF736F32BF0C806008C1348 /* Swift_ui_10Tests.swift */,
			);
			path = "Swift ui 10Tests";
			sourceTree = "<group>";
		};
		FBF736FC2BF0C806008C1348 /* Swift ui 10UITests */ = {
			isa = PBXGroup;
			children = (
				FBF736FD2BF0C806008C1348 /* Swift_ui_10UITests.swift */,
				FBF736FF2BF0C806008C1348 /* Swift_ui_10UITestsLaunchTests.swift */,
			);
			path = "Swift ui 10UITests";
			sourceTree = "<group>";
		};
/* End PBXGroup section */

/* Begin PBXNativeTarget section */
		FBF736DE2BF0C802008C1348 /* Swift ui 10 */ = {
			isa = PBXNativeTarget;
			buildConfigurationList = FBF737032BF0C806008C1348 /* Build configuration list for PBXNativeTarget "Swift ui 10" */;
			buildPhases = (
				FBF736DB2BF0C802008C1348 /* Sources */,
				FBF736DC2BF0C802008C1348 /* Frameworks */,
				FBF736DD2BF0C802008C1348 /* Resources */,
			);
			buildRules = (
			);
			dependencies = (
			);
			name = "Swift ui 10";
			productName = "Swift ui 10";
			productReference = FBF736DF2BF0C802008C1348 /* Swift ui 10.app */;
			productType = "com.apple.product-type.application";
		};
		FBF736EE2BF0C806008C1348 /* Swift ui 10Tests */ = {
			isa = PBXNativeTarget;
			buildConfigurationList = FBF737062BF0C806008C1348 /* Build configuration list for PBXNativeTarget "Swift ui 10Tests" */;
			buildPhases = (
				FBF736EB2BF0C806008C1348 /* Sources */,
				FBF736EC2BF0C806008C1348 /* Frameworks */,
				FBF736ED2BF0C806008C1348 /* Resources */,
			);
			buildRules = (
			);
			dependencies = (
				FBF736F12BF0C806008C1348 /* PBXTargetDependency */,
			);
			name = "Swift ui 10Tests";
			productName = "Swift ui 10Tests";
			productReference = FBF736EF2BF0C806008C1348 /* Swift ui 10Tests.xctest */;
			productType = "com.apple.product-type.bundle.unit-test";
		};
		FBF736F82BF0C806008C1348 /* Swift ui 10UITests */ = {
			isa = PBXNativeTarget;
			buildConfigurationList = FBF737092BF0C806008C1348 /* Build configuration list for PBXNativeTarget "Swift ui 10UITests" */;
			buildPhases = (
				FBF736F52BF0C806008C1348 /* Sources */,
				FBF736F62BF0C806008C1348 /* Frameworks */,
				FBF736F72BF0C806008C1348 /* Resources */,
			);
			buildRules = (
			);
			dependencies = (
				FBF736FB2BF0C806008C1348 /* PBXTargetDependency */,
			);
			name = "Swift ui 10UITests";
			productName = "Swift ui 10UITests";
			productReference = FBF736F92BF0C806008C1348 /* Swift ui 10UITests.xctest */;
			productType = "com.apple.product-type.bundle.ui-testing";
		};
/* End PBXNativeTarget section */

/* Begin PBXProject section */
		FBF736D72BF0C802008C1348 /* Project object */ = {
			isa = PBXProject;
			attributes = {
				BuildIndependentTargetsInParallel = 1;
				LastSwiftUpdateCheck = 1520;
				LastUpgradeCheck = 1520;
				TargetAttributes = {
					FBF736DE2BF0C802008C1348 = {
						CreatedOnToolsVersion = 15.2;
					};
					FBF736EE2BF0C806008C1348 = {
						CreatedOnToolsVersion = 15.2;
						TestTargetID = FBF736DE2BF0C802008C1348;
					};
					FBF736F82BF0C806008C1348 = {
						CreatedOnToolsVersion = 15.2;
						TestTargetID = FBF736DE2BF0C802008C1348;
					};
				};
			};
			buildConfigurationList = FBF736DA2BF0C802008C1348 /* Build configuration list for PBXProject "Swift ui 10" */;
			compatibilityVersion = "Xcode 14.0";
			developmentRegion = en;
			hasScannedForEncodings = 0;
			knownRegions = (
				en,
				Base,
			);
			mainGroup = FBF736D62BF0C802008C1348;
			productRefGroup = FBF736E02BF0C802008C1348 /* Products */;
			projectDirPath = "";
			projectRoot = "";
			targets = (
				FBF736DE2BF0C802008C1348 /* Swift ui 10 */,
				FBF736EE2BF0C806008C1348 /* Swift ui 10Tests */,
				FBF736F82BF0C806008C1348 /* Swift ui 10UITests */,
			);
		};
/* End PBXProject section */

/* Begin PBXResourcesBuildPhase section */
		FBF736DD2BF0C802008C1348 /* Resources */ = {
			isa = PBXResourcesBuildPhase;
			buildActionMask = 2147483647;
			files = (
				FBF736EA2BF0C805008C1348 /* Preview Assets.xcassets in Resources */,
				FBF736E72BF0C805008C1348 /* Assets.xcassets in Resources */,
			);
			runOnlyForDeploymentPostprocessing = 0;
		};
		FBF736ED2BF0C806008C1348 /* Resources */ = {
			isa = PBXResourcesBuildPhase;
			buildActionMask = 2147483647;
			files = (
			);
			runOnlyForDeploymentPostprocessing = 0;
		};
		FBF736F72BF0C806008C1348 /* Resources */ = {
			isa = PBXResourcesBuildPhase;
			buildActionMask = 2147483647;
			files = (
			);
			runOnlyForDeploymentPostprocessing = 0;
		};
/* End PBXResourcesBuildPhase section */

/* Begin PBXSourcesBuildPhase section */
		FBF736DB2BF0C802008C1348 /* Sources */ = {
			isa = PBXSourcesBuildPhase;
			buildActionMask = 2147483647;
			files = (
				FBF736E52BF0C802008C1348 /* ContentView.swift in Sources */,
				FBF736E32BF0C802008C1348 /* Swift_ui_10App.swift in Sources */,
			);
			runOnlyForDeploymentPostprocessing = 0;
		};
		FBF736EB2BF0C806008C1348 /* Sources */ = {
			isa = PBXSourcesBuildPhase;
			buildActionMask = 2147483647;
			files = (
				FBF736F42BF0C806008C1348 /* Swift_ui_10Tests.swift in Sources */,
			);
			runOnlyForDeploymentPostprocessing = 0;
		};
		FBF736F52BF0C806008C1348 /* Sources */ = {
			isa = PBXSourcesBuildPhase;
			buildActionMask = 2147483647;
			files = (
				FBF736FE2BF0C806008C1348 /* Swift_ui_10UITests.swift in Sources */,
				FBF737002BF0C806008C1348 /* Swift_ui_10UITestsLaunchTests.swift in Sources */,
			);
			runOnlyForDeploymentPostprocessing = 0;
		};
/* End PBXSourcesBuildPhase section */

/* Begin PBXTargetDependency section */
		FBF736F12BF0C806008C1348 /* PBXTargetDependency */ = {
			isa = PBXTargetDependency;
			target = FBF736DE2BF0C802008C1348 /* Swift ui 10 */;
			targetProxy = FBF736F02BF0C806008C1348 /* PBXContainerItemProxy */;
		};
		FBF736FB2BF0C806008C1348 /* PBXTargetDependency */ = {
			isa = PBXTargetDependency;
			target = FBF736DE2BF0C802008C1348 /* Swift ui 10 */;
			targetProxy = FBF736FA2BF0C806008C1348 /* PBXContainerItemProxy */;
		};
/* End PBXTargetDependency section */

/* Begin XCBuildConfiguration section */
		FBF737012BF0C806008C1348 /* Debug */ = {
			isa = XCBuildConfiguration;
			buildSettings = {
				ALWAYS_SEARCH_USER_PATHS = NO;
				ASSETCATALOG_COMPILER_GENERATE_SWIFT_ASSET_SYMBOL_EXTENSIONS = YES;
				CLANG_ANALYZER_NONNULL = YES;
				CLANG_ANALYZER_NUMBER_OBJECT_CONVERSION = YES_AGGRESSIVE;
				CLANG_CXX_LANGUAGE_STANDARD = "gnu++20";
				CLANG_ENABLE_MODULES = YES;
				CLANG_ENABLE_OBJC_ARC = YES;
				CLANG_ENABLE_OBJC_WEAK = YES;
				CLANG_WARN_BLOCK_CAPTURE_AUTORELEASING = YES;
				CLANG_WARN_BOOL_CONVERSION = YES;
				CLANG_WARN_COMMA = YES;
				CLANG_WARN_CONSTANT_CONVERSION = YES;
				CLANG_WARN_DEPRECATED_OBJC_IMPLEMENTATIONS = YES;
				CLANG_WARN_DIRECT_OBJC_ISA_USAGE = YES_ERROR;
				CLANG_WARN_DOCUMENTATION_COMMENTS = YES;
				CLANG_WARN_EMPTY_BODY = YES;
				CLANG_WARN_ENUM_CONVERSION = YES;
				CLANG_WARN_INFINITE_RECURSION = YES;
				CLANG_WARN_INT_CONVERSION = YES;
				CLANG_WARN_NON_LITERAL_NULL_CONVERSION = YES;
				CLANG_WARN_OBJC_IMPLICIT_RETAIN_SELF = YES;
				CLANG_WARN_OBJC_LITERAL_CONVERSION = YES;
				CLANG_WARN_OBJC_ROOT_CLASS = YES_ERROR;
				CLANG_WARN_QUOTED_INCLUDE_IN_FRAMEWORK_HEADER = YES;
				CLANG_WARN_RANGE_LOOP_ANALYSIS = YES;
				CLANG_WARN_STRICT_PROTOTYPES = YES;
				CLANG_WARN_SUSPICIOUS_MOVE = YES;
				CLANG_WARN_UNGUARDED_AVAILABILITY = YES_AGGRESSIVE;
				CLANG_WARN_UNREACHABLE_CODE = YES;
				CLANG_WARN__DUPLICATE_METHOD_MATCH = YES;
				COPY_PHASE_STRIP = NO;
				DEBUG_INFORMATION_FORMAT = dwarf;
				ENABLE_STRICT_OBJC_MSGSEND = YES;
				ENABLE_TESTABILITY = YES;
				ENABLE_USER_SCRIPT_SANDBOXING = YES;
				GCC_C_LANGUAGE_STANDARD = gnu17;
				GCC_DYNAMIC_NO_PIC = NO;
				GCC_NO_COMMON_BLOCKS = YES;
				GCC_OPTIMIZATION_LEVEL = 0;
				GCC_PREPROCESSOR_DEFINITIONS = (
					"DEBUG=1",
					"$(inherited)",
				);
				GCC_WARN_64_TO_32_BIT_CONVERSION = YES;
				GCC_WARN_ABOUT_RETURN_TYPE = YES_ERROR;
				GCC_WARN_UNDECLARED_SELECTOR = YES;
				GCC_WARN_UNINITIALIZED_AUTOS = YES_AGGRESSIVE;
				GCC_WARN_UNUSED_FUNCTION = YES;
				GCC_WARN_UNUSED_VARIABLE = YES;
				IPHONEOS_DEPLOYMENT_TARGET = 17.2;
				LOCALIZATION_PREFERS_STRING_CATALOGS = YES;
				MTL_ENABLE_DEBUG_INFO = INCLUDE_SOURCE;
				MTL_FAST_MATH = YES;
				ONLY_ACTIVE_ARCH = YES;
				SDKROOT = iphoneos;
				SWIFT_ACTIVE_COMPILATION_CONDITIONS = "DEBUG $(inherited)";
				SWIFT_OPTIMIZATION_LEVEL = "-Onone";
			};
			name = Debug;
		};
		FBF737022BF0C806008C1348 /* Release */ = {
			isa = XCBuildConfiguration;
			buildSettings = {
				ALWAYS_SEARCH_USER_PATHS = NO;
				ASSETCATALOG_COMPILER_GENERATE_SWIFT_ASSET_SYMBOL_EXTENSIONS = YES;
				CLANG_ANALYZER_NONNULL = YES;
				CLANG_ANALYZER_NUMBER_OBJECT_CONVERSION = YES_AGGRESSIVE;
				CLANG_CXX_LANGUAGE_STANDARD = "gnu++20";
				CLANG_ENABLE_MODULES = YES;
				CLANG_ENABLE_OBJC_ARC = YES;
				CLANG_ENABLE_OBJC_WEAK = YES;
				CLANG_WARN_BLOCK_CAPTURE_AUTORELEASING = YES;
				CLANG_WARN_BOOL_CONVERSION = YES;
				CLANG_WARN_COMMA = YES;
				CLANG_WARN_CONSTANT_CONVERSION = YES;
				CLANG_WARN_DEPRECATED_OBJC_IMPLEMENTATIONS = YES;
				CLANG_WARN_DIRECT_OBJC_ISA_USAGE = YES_ERROR;
				CLANG_WARN_DOCUMENTATION_COMMENTS = YES;
				CLANG_WARN_EMPTY_BODY = YES;
				CLANG_WARN_ENUM_CONVERSION = YES;
				CLANG_WARN_INFINITE_RECURSION = YES;
				CLANG_WARN_INT_CONVERSION = YES;
				CLANG_WARN_NON_LITERAL_NULL_CONVERSION = YES;
				CLANG_WARN_OBJC_IMPLICIT_RETAIN_SELF = YES;
				CLANG_WARN_OBJC_LITERAL_CONVERSION = YES;
				CLANG_WARN_OBJC_ROOT_CLASS = YES_ERROR;
				CLANG_WARN_QUOTED_INCLUDE_IN_FRAMEWORK_HEADER = YES;
				CLANG_WARN_RANGE_LOOP_ANALYSIS = YES;
				CLANG_WARN_STRICT_PROTOTYPES = YES;
				CLANG_WARN_SUSPICIOUS_MOVE = YES;
				CLANG_WARN_UNGUARDED_AVAILABILITY = YES_AGGRESSIVE;
				CLANG_WARN_UNREACHABLE_CODE = YES;
				CLANG_WARN__DUPLICATE_METHOD_MATCH = YES;
				COPY_PHASE_STRIP = NO;
				DEBUG_INFORMATION_FORMAT = "dwarf-with-dsym";
				ENABLE_NS_ASSERTIONS = NO;
				ENABLE_STRICT_OBJC_MSGSEND = YES;
				ENABLE_USER_SCRIPT_SANDBOXING = YES;
				GCC_C_LANGUAGE_STANDARD = gnu17;
				GCC_NO_COMMON_BLOCKS = YES;
				GCC_WARN_64_TO_32_BIT_CONVERSION = YES;
				GCC_WARN_ABOUT_RETURN_TYPE = YES_ERROR;
				GCC_WARN_UNDECLARED_SELECTOR = YES;
				GCC_WARN_UNINITIALIZED_AUTOS = YES_AGGRESSIVE;
				GCC_WARN_UNUSED_FUNCTION = YES;
				GCC_WARN_UNUSED_VARIABLE = YES;
				IPHONEOS_DEPLOYMENT_TARGET = 17.2;
				LOCALIZATION_PREFERS_STRING_CATALOGS = YES;
				MTL_ENABLE_DEBUG_INFO = NO;
				MTL_FAST_MATH = YES;
				SDKROOT = iphoneos;
				SWIFT_COMPILATION_MODE = wholemodule;
				VALIDATE_PRODUCT = YES;
			};
			name = Release;
		};
		FBF737042BF0C806008C1348 /* Debug */ = {
			isa = XCBuildConfiguration;
			buildSettings = {
				ASSETCATALOG_COMPILER_APPICON_NAME = AppIcon;
				ASSETCATALOG_COMPILER_GLOBAL_ACCENT_COLOR_NAME = AccentColor;
				CODE_SIGN_STYLE = Automatic;
				CURRENT_PROJECT_VERSION = 1;
				DEVELOPMENT_ASSET_PATHS = "\"Swift ui 10/Preview Content\"";
				DEVELOPMENT_TEAM = 5QBUTFAAPM;
				ENABLE_PREVIEWS = YES;
				GENERATE_INFOPLIST_FILE = YES;
				INFOPLIST_KEY_UIApplicationSceneManifest_Generation = YES;
				INFOPLIST_KEY_UIApplicationSupportsIndirectInputEvents = YES;
				INFOPLIST_KEY_UILaunchScreen_Generation = YES;
				INFOPLIST_KEY_UISupportedInterfaceOrientations_iPad = "UIInterfaceOrientationPortrait UIInterfaceOrientationPortraitUpsideDown UIInterfaceOrientationLandscapeLeft UIInterfaceOrientationLandscapeRight";
				INFOPLIST_KEY_UISupportedInterfaceOrientations_iPhone = "UIInterfaceOrientationPortrait UIInterfaceOrientationLandscapeLeft UIInterfaceOrientationLandscapeRight";
				LD_RUNPATH_SEARCH_PATHS = (
					"$(inherited)",
					"@executable_path/Frameworks",
				);
				MARKETING_VERSION = 1.0;
				PRODUCT_BUNDLE_IDENTIFIER = "com.kozlov.Swift-ui-10";
				PRODUCT_NAME = "$(TARGET_NAME)";
				SWIFT_EMIT_LOC_STRINGS = YES;
				SWIFT_VERSION = 5.0;
				TARGETED_DEVICE_FAMILY = "1,2";
			};
			name = Debug;
		};
		FBF737052BF0C806008C1348 /* Release */ = {
			isa = XCBuildConfiguration;
			buildSettings = {
				ASSETCATALOG_COMPILER_APPICON_NAME = AppIcon;
				ASSETCATALOG_COMPILER_GLOBAL_ACCENT_COLOR_NAME = AccentColor;
				CODE_SIGN_STYLE = Automatic;
				CURRENT_PROJECT_VERSION = 1;
				DEVELOPMENT_ASSET_PATHS = "\"Swift ui 10/Preview Content\"";
				DEVELOPMENT_TEAM = 5QBUTFAAPM;
				ENABLE_PREVIEWS = YES;
				GENERATE_INFOPLIST_FILE = YES;
				INFOPLIST_KEY_UIApplicationSceneManifest_Generation = YES;
				INFOPLIST_KEY_UIApplicationSupportsIndirectInputEvents = YES;
				INFOPLIST_KEY_UILaunchScreen_Generation = YES;
				INFOPLIST_KEY_UISupportedInterfaceOrientations_iPad = "UIInterfaceOrientationPortrait UIInterfaceOrientationPortraitUpsideDown UIInterfaceOrientationLandscapeLeft UIInterfaceOrientationLandscapeRight";
				INFOPLIST_KEY_UISupportedInterfaceOrientations_iPhone = "UIInterfaceOrientationPortrait UIInterfaceOrientationLandscapeLeft UIInterfaceOrientationLandscapeRight";
				LD_RUNPATH_SEARCH_PATHS = (
					"$(inherited)",
					"@executable_path/Frameworks",
				);
				MARKETING_VERSION = 1.0;
				PRODUCT_BUNDLE_IDENTIFIER = "com.kozlov.Swift-ui-10";
				PRODUCT_NAME = "$(TARGET_NAME)";
				SWIFT_EMIT_LOC_STRINGS = YES;
				SWIFT_VERSION = 5.0;
				TARGETED_DEVICE_FAMILY = "1,2";
			};
			name = Release;
		};
		FBF737072BF0C806008C1348 /* Debug */ = {
			isa = XCBuildConfiguration;
			buildSettings = {
				ALWAYS_EMBED_SWIFT_STANDARD_LIBRARIES = YES;
				BUNDLE_LOADER = "$(TEST_HOST)";
				CODE_SIGN_STYLE = Automatic;
				CURRENT_PROJECT_VERSION = 1;
				DEVELOPMENT_TEAM = 5QBUTFAAPM;
				GENERATE_INFOPLIST_FILE = YES;
				IPHONEOS_DEPLOYMENT_TARGET = 17.2;
				MARKETING_VERSION = 1.0;
				PRODUCT_BUNDLE_IDENTIFIER = "com.kozlov.Swift-ui-10Tests";
				PRODUCT_NAME = "$(TARGET_NAME)";
				SWIFT_EMIT_LOC_STRINGS = NO;
				SWIFT_VERSION = 5.0;
				TARGETED_DEVICE_FAMILY = "1,2";
				TEST_HOST = "$(BUILT_PRODUCTS_DIR)/Swift ui 10.app/$(BUNDLE_EXECUTABLE_FOLDER_PATH)/Swift ui 10";
			};
			name = Debug;
		};
		FBF737082BF0C806008C1348 /* Release */ = {
			isa = XCBuildConfiguration;
			buildSettings = {
				ALWAYS_EMBED_SWIFT_STANDARD_LIBRARIES = YES;
				BUNDLE_LOADER = "$(TEST_HOST)";
				CODE_SIGN_STYLE = Automatic;
				CURRENT_PROJECT_VERSION = 1;
				DEVELOPMENT_TEAM = 5QBUTFAAPM;
				GENERATE_INFOPLIST_FILE = YES;
				IPHONEOS_DEPLOYMENT_TARGET = 17.2;
				MARKETING_VERSION = 1.0;
				PRODUCT_BUNDLE_IDENTIFIER = "com.kozlov.Swift-ui-10Tests";
				PRODUCT_NAME = "$(TARGET_NAME)";
				SWIFT_EMIT_LOC_STRINGS = NO;
				SWIFT_VERSION = 5.0;
				TARGETED_DEVICE_FAMILY = "1,2";
				TEST_HOST = "$(BUILT_PRODUCTS_DIR)/Swift ui 10.app/$(BUNDLE_EXECUTABLE_FOLDER_PATH)/Swift ui 10";
			};
			name = Release;
		};
		FBF7370A2BF0C806008C1348 /* Debug */ = {
			isa = XCBuildConfiguration;
			buildSettings = {
				ALWAYS_EMBED_SWIFT_STANDARD_LIBRARIES = YES;
				CODE_SIGN_STYLE = Automatic;
				CURRENT_PROJECT_VERSION = 1;
				DEVELOPMENT_TEAM = 5QBUTFAAPM;
				GENERATE_INFOPLIST_FILE = YES;
				MARKETING_VERSION = 1.0;
				PRODUCT_BUNDLE_IDENTIFIER = "com.kozlov.Swift-ui-10UITests";
				PRODUCT_NAME = "$(TARGET_NAME)";
				SWIFT_EMIT_LOC_STRINGS = NO;
				SWIFT_VERSION = 5.0;
				TARGETED_DEVICE_FAMILY = "1,2";
				TEST_TARGET_NAME = "Swift ui 10";
			};
			name = Debug;
		};
		FBF7370B2BF0C806008C1348 /* Release */ = {
			isa = XCBuildConfiguration;
			buildSettings = {
				ALWAYS_EMBED_SWIFT_STANDARD_LIBRARIES = YES;
				CODE_SIGN_STYLE = Automatic;
				CURRENT_PROJECT_VERSION = 1;
				DEVELOPMENT_TEAM = 5QBUTFAAPM;
				GENERATE_INFOPLIST_FILE = YES;
				MARKETING_VERSION = 1.0;
				PRODUCT_BUNDLE_IDENTIFIER = "com.kozlov.Swift-ui-10UITests";
				PRODUCT_NAME = "$(TARGET_NAME)";
				SWIFT_EMIT_LOC_STRINGS = NO;
				SWIFT_VERSION = 5.0;
				TARGETED_DEVICE_FAMILY = "1,2";
				TEST_TARGET_NAME = "Swift ui 10";
			};
			name = Release;
		};
/* End XCBuildConfiguration section */

/* Begin XCConfigurationList section */
		FBF736DA2BF0C802008C1348 /* Build configuration list for PBXProject "Swift ui 10" */ = {
			isa = XCConfigurationList;
			buildConfigurations = (
				FBF737012BF0C806008C1348 /* Debug */,
				FBF737022BF0C806008C1348 /* Release */,
			);
			defaultConfigurationIsVisible = 0;
			defaultConfigurationName = Release;
		};
		FBF737032BF0C806008C1348 /* Build configuration list for PBXNativeTarget "Swift ui 10" */ = {
			isa = XCConfigurationList;
			buildConfigurations = (
				FBF737042BF0C806008C1348 /* Debug */,
				FBF737052BF0C806008C1348 /* Release */,
			);
			defaultConfigurationIsVisible = 0;
			defaultConfigurationName = Release;
		};
		FBF737062BF0C806008C1348 /* Build configuration list for PBXNativeTarget "Swift ui 10Tests" */ = {
			isa = XCConfigurationList;
			buildConfigurations = (
				FBF737072BF0C806008C1348 /* Debug */,
				FBF737082BF0C806008C1348 /* Release */,
			);
			defaultConfigurationIsVisible = 0;
			defaultConfigurationName = Release;
		};
		FBF737092BF0C806008C1348 /* Build configuration list for PBXNativeTarget "Swift ui 10UITests" */ = {
			isa = XCConfigurationList;
			buildConfigurations = (
				FBF7370A2BF0C806008C1348 /* Debug */,
				FBF7370B2BF0C806008C1348 /* Release */,
			);
			defaultConfigurationIsVisible = 0;
			defaultConfigurationName = Release;
		};
/* End XCConfigurationList section */
	};
	rootObject = FBF736D72BF0C802008C1348 /* Project object */;
}
